// !$*UTF8*$!
{
	archiveVersion = 1;
	classes = {
	};
	objectVersion = 56;
	objects = {

/* Begin PBXBuildFile section */
		CF0FDED72B07D21900A512B1 /* RickAndMortyApp.swift in Sources */ = {isa = PBXBuildFile; fileRef = CF0FDED62B07D21900A512B1 /* RickAndMortyApp.swift */; };
		CF0FDED92B07D21900A512B1 /* CharacterView.swift in Sources */ = {isa = PBXBuildFile; fileRef = CF0FDED82B07D21900A512B1 /* CharacterView.swift */; };
		CF0FDEDB2B07D21A00A512B1 /* Assets.xcassets in Resources */ = {isa = PBXBuildFile; fileRef = CF0FDEDA2B07D21A00A512B1 /* Assets.xcassets */; };
		CF0FDEDE2B07D21A00A512B1 /* Preview Assets.xcassets in Resources */ = {isa = PBXBuildFile; fileRef = CF0FDEDD2B07D21A00A512B1 /* Preview Assets.xcassets */; };
		CF0FDEE72B07D6AB00A512B1 /* Character.swift in Sources */ = {isa = PBXBuildFile; fileRef = CF0FDEE62B07D6AB00A512B1 /* Character.swift */; };
		CF0FDEEA2B07D8CA00A512B1 /* GetCharacterListUseCase.swift in Sources */ = {isa = PBXBuildFile; fileRef = CF0FDEE92B07D8CA00A512B1 /* GetCharacterListUseCase.swift */; };
		CF5BCA4C2B0A2DE4005B2576 /* CharacterApiDataSource.swift in Sources */ = {isa = PBXBuildFile; fileRef = CF5BCA4B2B0A2DE4005B2576 /* CharacterApiDataSource.swift */; };
		CF5BCA4E2B0A31A8005B2576 /* CharacterListDTO.swift in Sources */ = {isa = PBXBuildFile; fileRef = CF5BCA4D2B0A31A8005B2576 /* CharacterListDTO.swift */; };
		CF5BCA502B0A35EF005B2576 /* Endpoint.swift in Sources */ = {isa = PBXBuildFile; fileRef = CF5BCA4F2B0A35EF005B2576 /* Endpoint.swift */; };
		CF5BCA522B0A360B005B2576 /* HTTPMethod.swift in Sources */ = {isa = PBXBuildFile; fileRef = CF5BCA512B0A360B005B2576 /* HTTPMethod.swift */; };
		CF5BCA542B0A3654005B2576 /* HTTPClientType.swift in Sources */ = {isa = PBXBuildFile; fileRef = CF5BCA532B0A3654005B2576 /* HTTPClientType.swift */; };
		CF5BCA582B0A36C1005B2576 /* URLSessionHTTPClient.swift in Sources */ = {isa = PBXBuildFile; fileRef = CF5BCA572B0A36C1005B2576 /* URLSessionHTTPClient.swift */; };
		CF5BCA5A2B0A4055005B2576 /* URLSessionRequestMaker.swift in Sources */ = {isa = PBXBuildFile; fileRef = CF5BCA592B0A4055005B2576 /* URLSessionRequestMaker.swift */; };
		CF5BCA5C2B0A4074005B2576 /* URLSessionErrorResolver.swift in Sources */ = {isa = PBXBuildFile; fileRef = CF5BCA5B2B0A4074005B2576 /* URLSessionErrorResolver.swift */; };
		CF5BCA5F2B0A4362005B2576 /* CharacterListViewModel.swift in Sources */ = {isa = PBXBuildFile; fileRef = CF5BCA5E2B0A4362005B2576 /* CharacterListViewModel.swift */; };
		CF5BCA622B0A44E7005B2576 /* CharacterListView.swift in Sources */ = {isa = PBXBuildFile; fileRef = CF5BCA612B0A44E7005B2576 /* CharacterListView.swift */; };
		CF5BCA652B0A4D4E005B2576 /* CharacterListFactory.swift in Sources */ = {isa = PBXBuildFile; fileRef = CF5BCA642B0A4D4E005B2576 /* CharacterListFactory.swift */; };
		CF67C1C42BD55EFF00E5BBD9 /* CharacterImageView.swift in Sources */ = {isa = PBXBuildFile; fileRef = CF67C1C32BD55EFF00E5BBD9 /* CharacterImageView.swift */; };
		CF67C1C72BD5602D00E5BBD9 /* CharacterSectionSubview.swift in Sources */ = {isa = PBXBuildFile; fileRef = CF67C1C62BD5602D00E5BBD9 /* CharacterSectionSubview.swift */; };
		CF67C1CB2BD56A1400E5BBD9 /* EpisodeDTO.swift in Sources */ = {isa = PBXBuildFile; fileRef = CF67C1CA2BD56A1400E5BBD9 /* EpisodeDTO.swift */; };
		CF67C1CE2BD56ACF00E5BBD9 /* EpisodeApiDataSource.swift in Sources */ = {isa = PBXBuildFile; fileRef = CF67C1CD2BD56ACF00E5BBD9 /* EpisodeApiDataSource.swift */; };
		CF67C1D02BD56B2100E5BBD9 /* Episode.swift in Sources */ = {isa = PBXBuildFile; fileRef = CF67C1CF2BD56B2100E5BBD9 /* Episode.swift */; };
		CF67C1D22BD56B7000E5BBD9 /* GetEpisodeUseCase.swift in Sources */ = {isa = PBXBuildFile; fileRef = CF67C1D12BD56B7000E5BBD9 /* GetEpisodeUseCase.swift */; };
		CF67C1D42BD56BB000E5BBD9 /* EpisodeRepository.swift in Sources */ = {isa = PBXBuildFile; fileRef = CF67C1D32BD56BB000E5BBD9 /* EpisodeRepository.swift */; };
		CF67C1D62BD56C2600E5BBD9 /* EpisodeDomainMapper.swift in Sources */ = {isa = PBXBuildFile; fileRef = CF67C1D52BD56C2600E5BBD9 /* EpisodeDomainMapper.swift */; };
		CF67C1D82BD56F0600E5BBD9 /* CharacterDetailFactory.swift in Sources */ = {isa = PBXBuildFile; fileRef = CF67C1D72BD56F0600E5BBD9 /* CharacterDetailFactory.swift */; };
		CF67C1DA2BD574FD00E5BBD9 /* CharacterDTO+.swift in Sources */ = {isa = PBXBuildFile; fileRef = CF67C1D92BD574FD00E5BBD9 /* CharacterDTO+.swift */; };
		CFA2D27B2BD4ECCB00A5FA8B /* Character+.swift in Sources */ = {isa = PBXBuildFile; fileRef = CFA2D27A2BD4ECCB00A5FA8B /* Character+.swift */; };
		CFA2D27D2BD4F3D600A5FA8B /* characterListJSON.swift in Sources */ = {isa = PBXBuildFile; fileRef = CFA2D27C2BD4F3D600A5FA8B /* characterListJSON.swift */; };
		CFB782A02BD524B800B2E515 /* characterJSON.swift in Sources */ = {isa = PBXBuildFile; fileRef = CFB7829F2BD524B800B2E515 /* characterJSON.swift */; };
		CFB782A22BD52A5A00B2E515 /* CharacterApiDataSourceMock.swift in Sources */ = {isa = PBXBuildFile; fileRef = CFB782A12BD52A5A00B2E515 /* CharacterApiDataSourceMock.swift */; };
		CFB782A62BD536F500B2E515 /* CharacterDetailView.swift in Sources */ = {isa = PBXBuildFile; fileRef = CFB782A52BD536F500B2E515 /* CharacterDetailView.swift */; };
		CFB782A82BD536FF00B2E515 /* CharacterDetailViewModel.swift in Sources */ = {isa = PBXBuildFile; fileRef = CFB782A72BD536FF00B2E515 /* CharacterDetailViewModel.swift */; };
		CFCED1F92B07DDCB00280416 /* CharacterRepository.swift in Sources */ = {isa = PBXBuildFile; fileRef = CFCED1F82B07DDCB00280416 /* CharacterRepository.swift */; };
		CFCED1FC2B07E57F00280416 /* CharacterDTO.swift in Sources */ = {isa = PBXBuildFile; fileRef = CFCED1FB2B07E57F00280416 /* CharacterDTO.swift */; };
		CFCED1FF2B07E5C000280416 /* HTTPClientError.swift in Sources */ = {isa = PBXBuildFile; fileRef = CFCED1FE2B07E5C000280416 /* HTTPClientError.swift */; };
		CFCED2052B07EE8D00280416 /* CharacterDomainMapper.swift in Sources */ = {isa = PBXBuildFile; fileRef = CFCED2042B07EE8D00280416 /* CharacterDomainMapper.swift */; };
		CFEDB0D52BD3C04100716E24 /* LaunchScreen.storyboard in Resources */ = {isa = PBXBuildFile; fileRef = CFEDB0D42BD3C04100716E24 /* LaunchScreen.storyboard */; };
/* End PBXBuildFile section */

/* Begin PBXFileReference section */
		CF0FDED32B07D21900A512B1 /* RickAndMorty.app */ = {isa = PBXFileReference; explicitFileType = wrapper.application; includeInIndex = 0; path = RickAndMorty.app; sourceTree = BUILT_PRODUCTS_DIR; };
		CF0FDED62B07D21900A512B1 /* RickAndMortyApp.swift */ = {isa = PBXFileReference; lastKnownFileType = sourcecode.swift; path = RickAndMortyApp.swift; sourceTree = "<group>"; };
		CF0FDED82B07D21900A512B1 /* CharacterView.swift */ = {isa = PBXFileReference; lastKnownFileType = sourcecode.swift; path = CharacterView.swift; sourceTree = "<group>"; };
		CF0FDEDA2B07D21A00A512B1 /* Assets.xcassets */ = {isa = PBXFileReference; lastKnownFileType = folder.assetcatalog; path = Assets.xcassets; sourceTree = "<group>"; };
		CF0FDEDD2B07D21A00A512B1 /* Preview Assets.xcassets */ = {isa = PBXFileReference; lastKnownFileType = folder.assetcatalog; path = "Preview Assets.xcassets"; sourceTree = "<group>"; };
		CF0FDEE62B07D6AB00A512B1 /* Character.swift */ = {isa = PBXFileReference; lastKnownFileType = sourcecode.swift; path = Character.swift; sourceTree = "<group>"; };
		CF0FDEE92B07D8CA00A512B1 /* GetCharacterListUseCase.swift */ = {isa = PBXFileReference; lastKnownFileType = sourcecode.swift; path = GetCharacterListUseCase.swift; sourceTree = "<group>"; };
		CF5BCA4B2B0A2DE4005B2576 /* CharacterApiDataSource.swift */ = {isa = PBXFileReference; lastKnownFileType = sourcecode.swift; path = CharacterApiDataSource.swift; sourceTree = "<group>"; };
		CF5BCA4D2B0A31A8005B2576 /* CharacterListDTO.swift */ = {isa = PBXFileReference; lastKnownFileType = sourcecode.swift; path = CharacterListDTO.swift; sourceTree = "<group>"; };
		CF5BCA4F2B0A35EF005B2576 /* Endpoint.swift */ = {isa = PBXFileReference; lastKnownFileType = sourcecode.swift; path = Endpoint.swift; sourceTree = "<group>"; };
		CF5BCA512B0A360B005B2576 /* HTTPMethod.swift */ = {isa = PBXFileReference; lastKnownFileType = sourcecode.swift; path = HTTPMethod.swift; sourceTree = "<group>"; };
		CF5BCA532B0A3654005B2576 /* HTTPClientType.swift */ = {isa = PBXFileReference; lastKnownFileType = sourcecode.swift; path = HTTPClientType.swift; sourceTree = "<group>"; };
		CF5BCA572B0A36C1005B2576 /* URLSessionHTTPClient.swift */ = {isa = PBXFileReference; lastKnownFileType = sourcecode.swift; path = URLSessionHTTPClient.swift; sourceTree = "<group>"; };
		CF5BCA592B0A4055005B2576 /* URLSessionRequestMaker.swift */ = {isa = PBXFileReference; lastKnownFileType = sourcecode.swift; path = URLSessionRequestMaker.swift; sourceTree = "<group>"; };
		CF5BCA5B2B0A4074005B2576 /* URLSessionErrorResolver.swift */ = {isa = PBXFileReference; lastKnownFileType = sourcecode.swift; path = URLSessionErrorResolver.swift; sourceTree = "<group>"; };
		CF5BCA5E2B0A4362005B2576 /* CharacterListViewModel.swift */ = {isa = PBXFileReference; lastKnownFileType = sourcecode.swift; path = CharacterListViewModel.swift; sourceTree = "<group>"; };
		CF5BCA612B0A44E7005B2576 /* CharacterListView.swift */ = {isa = PBXFileReference; lastKnownFileType = sourcecode.swift; path = CharacterListView.swift; sourceTree = "<group>"; };
		CF5BCA642B0A4D4E005B2576 /* CharacterListFactory.swift */ = {isa = PBXFileReference; lastKnownFileType = sourcecode.swift; path = CharacterListFactory.swift; sourceTree = "<group>"; };
		CF67C1C32BD55EFF00E5BBD9 /* CharacterImageView.swift */ = {isa = PBXFileReference; lastKnownFileType = sourcecode.swift; path = CharacterImageView.swift; sourceTree = "<group>"; };
		CF67C1C62BD5602D00E5BBD9 /* CharacterSectionSubview.swift */ = {isa = PBXFileReference; lastKnownFileType = sourcecode.swift; path = CharacterSectionSubview.swift; sourceTree = "<group>"; };
		CF67C1CA2BD56A1400E5BBD9 /* EpisodeDTO.swift */ = {isa = PBXFileReference; lastKnownFileType = sourcecode.swift; path = EpisodeDTO.swift; sourceTree = "<group>"; };
		CF67C1CD2BD56ACF00E5BBD9 /* EpisodeApiDataSource.swift */ = {isa = PBXFileReference; lastKnownFileType = sourcecode.swift; path = EpisodeApiDataSource.swift; sourceTree = "<group>"; };
		CF67C1CF2BD56B2100E5BBD9 /* Episode.swift */ = {isa = PBXFileReference; lastKnownFileType = sourcecode.swift; path = Episode.swift; sourceTree = "<group>"; };
		CF67C1D12BD56B7000E5BBD9 /* GetEpisodeUseCase.swift */ = {isa = PBXFileReference; lastKnownFileType = sourcecode.swift; path = GetEpisodeUseCase.swift; sourceTree = "<group>"; };
		CF67C1D32BD56BB000E5BBD9 /* EpisodeRepository.swift */ = {isa = PBXFileReference; lastKnownFileType = sourcecode.swift; path = EpisodeRepository.swift; sourceTree = "<group>"; };
		CF67C1D52BD56C2600E5BBD9 /* EpisodeDomainMapper.swift */ = {isa = PBXFileReference; lastKnownFileType = sourcecode.swift; path = EpisodeDomainMapper.swift; sourceTree = "<group>"; };
		CF67C1D72BD56F0600E5BBD9 /* CharacterDetailFactory.swift */ = {isa = PBXFileReference; lastKnownFileType = sourcecode.swift; path = CharacterDetailFactory.swift; sourceTree = "<group>"; };
		CF67C1D92BD574FD00E5BBD9 /* CharacterDTO+.swift */ = {isa = PBXFileReference; lastKnownFileType = sourcecode.swift; path = "CharacterDTO+.swift"; sourceTree = "<group>"; };
		CFA2D27A2BD4ECCB00A5FA8B /* Character+.swift */ = {isa = PBXFileReference; lastKnownFileType = sourcecode.swift; path = "Character+.swift"; sourceTree = "<group>"; };
		CFA2D27C2BD4F3D600A5FA8B /* characterListJSON.swift */ = {isa = PBXFileReference; lastKnownFileType = sourcecode.swift; path = characterListJSON.swift; sourceTree = "<group>"; };
		CFB7829F2BD524B800B2E515 /* characterJSON.swift */ = {isa = PBXFileReference; lastKnownFileType = sourcecode.swift; path = characterJSON.swift; sourceTree = "<group>"; };
		CFB782A12BD52A5A00B2E515 /* CharacterApiDataSourceMock.swift */ = {isa = PBXFileReference; lastKnownFileType = sourcecode.swift; path = CharacterApiDataSourceMock.swift; sourceTree = "<group>"; };
		CFB782A32BD52B4100B2E515 /* Roadmap.md */ = {isa = PBXFileReference; lastKnownFileType = net.daringfireball.markdown; path = Roadmap.md; sourceTree = "<group>"; };
		CFB782A52BD536F500B2E515 /* CharacterDetailView.swift */ = {isa = PBXFileReference; lastKnownFileType = sourcecode.swift; path = CharacterDetailView.swift; sourceTree = "<group>"; };
		CFB782A72BD536FF00B2E515 /* CharacterDetailViewModel.swift */ = {isa = PBXFileReference; lastKnownFileType = sourcecode.swift; path = CharacterDetailViewModel.swift; sourceTree = "<group>"; };
		CFCED1F82B07DDCB00280416 /* CharacterRepository.swift */ = {isa = PBXFileReference; lastKnownFileType = sourcecode.swift; path = CharacterRepository.swift; sourceTree = "<group>"; };
		CFCED1FB2B07E57F00280416 /* CharacterDTO.swift */ = {isa = PBXFileReference; lastKnownFileType = sourcecode.swift; path = CharacterDTO.swift; sourceTree = "<group>"; };
		CFCED1FE2B07E5C000280416 /* HTTPClientError.swift */ = {isa = PBXFileReference; lastKnownFileType = sourcecode.swift; path = HTTPClientError.swift; sourceTree = "<group>"; };
		CFCED2042B07EE8D00280416 /* CharacterDomainMapper.swift */ = {isa = PBXFileReference; lastKnownFileType = sourcecode.swift; path = CharacterDomainMapper.swift; sourceTree = "<group>"; };
		CFEDB0D42BD3C04100716E24 /* LaunchScreen.storyboard */ = {isa = PBXFileReference; lastKnownFileType = file.storyboard; path = LaunchScreen.storyboard; sourceTree = "<group>"; };
/* End PBXFileReference section */

/* Begin PBXFrameworksBuildPhase section */
		CF0FDED02B07D21900A512B1 /* Frameworks */ = {
			isa = PBXFrameworksBuildPhase;
			buildActionMask = 2147483647;
			files = (
			);
			runOnlyForDeploymentPostprocessing = 0;
		};
/* End PBXFrameworksBuildPhase section */

/* Begin PBXGroup section */
		CF0FDECA2B07D21900A512B1 = {
			isa = PBXGroup;
			children = (
				CF0FDED52B07D21900A512B1 /* RickAndMorty */,
				CF0FDED42B07D21900A512B1 /* Products */,
			);
			sourceTree = "<group>";
		};
		CF0FDED42B07D21900A512B1 /* Products */ = {
			isa = PBXGroup;
			children = (
				CF0FDED32B07D21900A512B1 /* RickAndMorty.app */,
			);
			name = Products;
			sourceTree = "<group>";
		};
		CF0FDED52B07D21900A512B1 /* RickAndMorty */ = {
			isa = PBXGroup;
			children = (
				CFEDB0D42BD3C04100716E24 /* LaunchScreen.storyboard */,
				CF0FDED62B07D21900A512B1 /* RickAndMortyApp.swift */,
				CF0FDEDA2B07D21A00A512B1 /* Assets.xcassets */,
				CF5BCA632B0A4D30005B2576 /* CompositionRoot */,
				CFCED1F62B07DD8000280416 /* Data */,
				CF0FDEE42B07D2B000A512B1 /* Domain */,
				CFA2D2792BD4ECB600A5FA8B /* Extension */,
				CFA2D2782BD4EB8200A5FA8B /* Feature */,
				CF5BCA552B0A366F005B2576 /* Infraestructure */,
				CF0FDEDC2B07D21A00A512B1 /* Preview Content */,
				CF67C1C22BD55EF100E5BBD9 /* UI */,
			);
			path = RickAndMorty;
			sourceTree = "<group>";
		};
		CF0FDEDC2B07D21A00A512B1 /* Preview Content */ = {
			isa = PBXGroup;
			children = (
				CFB7829F2BD524B800B2E515 /* characterJSON.swift */,
				CFA2D27C2BD4F3D600A5FA8B /* characterListJSON.swift */,
				CF0FDEDD2B07D21A00A512B1 /* Preview Assets.xcassets */,
				CFB782A32BD52B4100B2E515 /* Roadmap.md */,
			);
			path = "Preview Content";
			sourceTree = "<group>";
		};
		CF0FDEE42B07D2B000A512B1 /* Domain */ = {
			isa = PBXGroup;
			children = (
				CF0FDEE52B07D64200A512B1 /* Entities */,
				CF0FDEE82B07D89300A512B1 /* UseCases */,
			);
			path = Domain;
			sourceTree = "<group>";
		};
		CF0FDEE52B07D64200A512B1 /* Entities */ = {
			isa = PBXGroup;
			children = (
				CF0FDEE62B07D6AB00A512B1 /* Character.swift */,
				CF67C1CF2BD56B2100E5BBD9 /* Episode.swift */,
			);
			path = Entities;
			sourceTree = "<group>";
		};
		CF0FDEE82B07D89300A512B1 /* UseCases */ = {
			isa = PBXGroup;
			children = (
				CF0FDEE92B07D8CA00A512B1 /* GetCharacterListUseCase.swift */,
				CF67C1D12BD56B7000E5BBD9 /* GetEpisodeUseCase.swift */,
			);
			path = UseCases;
			sourceTree = "<group>";
		};
		CF5BCA552B0A366F005B2576 /* Infraestructure */ = {
			isa = PBXGroup;
			children = (
				CF5BCA562B0A3687005B2576 /* Networking */,
			);
			path = Infraestructure;
			sourceTree = "<group>";
		};
		CF5BCA562B0A3687005B2576 /* Networking */ = {
			isa = PBXGroup;
			children = (
				CF5BCA5B2B0A4074005B2576 /* URLSessionErrorResolver.swift */,
				CF5BCA572B0A36C1005B2576 /* URLSessionHTTPClient.swift */,
				CF5BCA592B0A4055005B2576 /* URLSessionRequestMaker.swift */,
			);
			path = Networking;
			sourceTree = "<group>";
		};
		CF5BCA5D2B0A4334005B2576 /* CharacterList */ = {
			isa = PBXGroup;
			children = (
				CF5BCA612B0A44E7005B2576 /* CharacterListView.swift */,
				CF5BCA5E2B0A4362005B2576 /* CharacterListViewModel.swift */,
				CF0FDED82B07D21900A512B1 /* CharacterView.swift */,
			);
			path = CharacterList;
			sourceTree = "<group>";
		};
		CF5BCA632B0A4D30005B2576 /* CompositionRoot */ = {
			isa = PBXGroup;
			children = (
				CF67C1D72BD56F0600E5BBD9 /* CharacterDetailFactory.swift */,
				CF5BCA642B0A4D4E005B2576 /* CharacterListFactory.swift */,
			);
			path = CompositionRoot;
			sourceTree = "<group>";
		};
		CF67C1C22BD55EF100E5BBD9 /* UI */ = {
			isa = PBXGroup;
			children = (
				CF67C1C32BD55EFF00E5BBD9 /* CharacterImageView.swift */,
			);
			path = UI;
			sourceTree = "<group>";
		};
		CF67C1C52BD55FFA00E5BBD9 /* Subviews */ = {
			isa = PBXGroup;
			children = (
				CF67C1C62BD5602D00E5BBD9 /* CharacterSectionSubview.swift */,
			);
			path = Subviews;
			sourceTree = "<group>";
		};
		CF67C1C82BD569FC00E5BBD9 /* Character */ = {
			isa = PBXGroup;
			children = (
				CFCED2042B07EE8D00280416 /* CharacterDomainMapper.swift */,
				CFCED1FB2B07E57F00280416 /* CharacterDTO.swift */,
				CF67C1D92BD574FD00E5BBD9 /* CharacterDTO+.swift */,
				CF5BCA4D2B0A31A8005B2576 /* CharacterListDTO.swift */,
			);
			path = Character;
			sourceTree = "<group>";
		};
		CF67C1C92BD56A0600E5BBD9 /* Episode */ = {
			isa = PBXGroup;
			children = (
				CF67C1CA2BD56A1400E5BBD9 /* EpisodeDTO.swift */,
				CF67C1D52BD56C2600E5BBD9 /* EpisodeDomainMapper.swift */,
			);
			path = Episode;
			sourceTree = "<group>";
		};
		CF67C1CC2BD56AC800E5BBD9 /* Episode */ = {
			isa = PBXGroup;
			children = (
				CF67C1CD2BD56ACF00E5BBD9 /* EpisodeApiDataSource.swift */,
			);
			path = Episode;
			sourceTree = "<group>";
		};
		CFA2D2772BD4EAE100A5FA8B /* Character */ = {
			isa = PBXGroup;
			children = (
				CF5BCA4B2B0A2DE4005B2576 /* CharacterApiDataSource.swift */,
				CFB782A12BD52A5A00B2E515 /* CharacterApiDataSourceMock.swift */,
			);
			path = Character;
			sourceTree = "<group>";
		};
		CFA2D2782BD4EB8200A5FA8B /* Feature */ = {
			isa = PBXGroup;
			children = (
				CFB782A42BD536E300B2E515 /* CharacterDetail */,
				CF5BCA5D2B0A4334005B2576 /* CharacterList */,
			);
			path = Feature;
			sourceTree = "<group>";
		};
		CFA2D2792BD4ECB600A5FA8B /* Extension */ = {
			isa = PBXGroup;
			children = (
				CFA2D27A2BD4ECCB00A5FA8B /* Character+.swift */,
			);
			path = Extension;
			sourceTree = "<group>";
		};
		CFB782A42BD536E300B2E515 /* CharacterDetail */ = {
			isa = PBXGroup;
			children = (
				CFB782A52BD536F500B2E515 /* CharacterDetailView.swift */,
				CFB782A72BD536FF00B2E515 /* CharacterDetailViewModel.swift */,
				CF67C1C52BD55FFA00E5BBD9 /* Subviews */,
			);
			path = CharacterDetail;
			sourceTree = "<group>";
		};
		CFCED1F62B07DD8000280416 /* Data */ = {
			isa = PBXGroup;
			children = (
				CFCED1FA2B07E57600280416 /* DTOs */,
				CFCED1FD2B07E59700280416 /* Networking */,
				CFCED1F72B07DD8C00280416 /* Repositories */,
			);
			path = Data;
			sourceTree = "<group>";
		};
		CFCED1F72B07DD8C00280416 /* Repositories */ = {
			isa = PBXGroup;
			children = (
				CFCED1F82B07DDCB00280416 /* CharacterRepository.swift */,
				CF67C1D32BD56BB000E5BBD9 /* EpisodeRepository.swift */,
			);
			path = Repositories;
			sourceTree = "<group>";
		};
		CFCED1FA2B07E57600280416 /* DTOs */ = {
			isa = PBXGroup;
			children = (
				CF67C1C82BD569FC00E5BBD9 /* Character */,
				CF67C1C92BD56A0600E5BBD9 /* Episode */,
			);
			path = DTOs;
			sourceTree = "<group>";
		};
		CFCED1FD2B07E59700280416 /* Networking */ = {
			isa = PBXGroup;
			children = (
				CFA2D2772BD4EAE100A5FA8B /* Character */,
				CF5BCA4F2B0A35EF005B2576 /* Endpoint.swift */,
				CF67C1CC2BD56AC800E5BBD9 /* Episode */,
				CFCED1FE2B07E5C000280416 /* HTTPClientError.swift */,
				CF5BCA532B0A3654005B2576 /* HTTPClientType.swift */,
				CF5BCA512B0A360B005B2576 /* HTTPMethod.swift */,
			);
			path = Networking;
			sourceTree = "<group>";
		};
/* End PBXGroup section */

/* Begin PBXNativeTarget section */
		CF0FDED22B07D21900A512B1 /* RickAndMorty */ = {
			isa = PBXNativeTarget;
			buildConfigurationList = CF0FDEE12B07D21A00A512B1 /* Build configuration list for PBXNativeTarget "RickAndMorty" */;
			buildPhases = (
				CF0FDECF2B07D21900A512B1 /* Sources */,
				CF0FDED02B07D21900A512B1 /* Frameworks */,
				CF0FDED12B07D21900A512B1 /* Resources */,
			);
			buildRules = (
			);
			dependencies = (
			);
			name = RickAndMorty;
			productName = RickAndMorty;
			productReference = CF0FDED32B07D21900A512B1 /* RickAndMorty.app */;
			productType = "com.apple.product-type.application";
		};
/* End PBXNativeTarget section */

/* Begin PBXProject section */
		CF0FDECB2B07D21900A512B1 /* Project object */ = {
			isa = PBXProject;
			attributes = {
				BuildIndependentTargetsInParallel = 1;
				LastSwiftUpdateCheck = 1430;
				LastUpgradeCheck = 1530;
				TargetAttributes = {
					CF0FDED22B07D21900A512B1 = {
						CreatedOnToolsVersion = 14.3;
					};
				};
			};
			buildConfigurationList = CF0FDECE2B07D21900A512B1 /* Build configuration list for PBXProject "RickAndMorty" */;
			compatibilityVersion = "Xcode 14.0";
			developmentRegion = en;
			hasScannedForEncodings = 0;
			knownRegions = (
				en,
				Base,
			);
			mainGroup = CF0FDECA2B07D21900A512B1;
			productRefGroup = CF0FDED42B07D21900A512B1 /* Products */;
			projectDirPath = "";
			projectRoot = "";
			targets = (
				CF0FDED22B07D21900A512B1 /* RickAndMorty */,
			);
		};
/* End PBXProject section */

/* Begin PBXResourcesBuildPhase section */
		CF0FDED12B07D21900A512B1 /* Resources */ = {
			isa = PBXResourcesBuildPhase;
			buildActionMask = 2147483647;
			files = (
				CFEDB0D52BD3C04100716E24 /* LaunchScreen.storyboard in Resources */,
				CF0FDEDE2B07D21A00A512B1 /* Preview Assets.xcassets in Resources */,
				CF0FDEDB2B07D21A00A512B1 /* Assets.xcassets in Resources */,
			);
			runOnlyForDeploymentPostprocessing = 0;
		};
/* End PBXResourcesBuildPhase section */

/* Begin PBXSourcesBuildPhase section */
		CF0FDECF2B07D21900A512B1 /* Sources */ = {
			isa = PBXSourcesBuildPhase;
			buildActionMask = 2147483647;
			files = (
				CF5BCA622B0A44E7005B2576 /* CharacterListView.swift in Sources */,
				CF5BCA5A2B0A4055005B2576 /* URLSessionRequestMaker.swift in Sources */,
				CFCED1FF2B07E5C000280416 /* HTTPClientError.swift in Sources */,
				CF5BCA652B0A4D4E005B2576 /* CharacterListFactory.swift in Sources */,
				CF67C1D62BD56C2600E5BBD9 /* EpisodeDomainMapper.swift in Sources */,
				CF67C1CE2BD56ACF00E5BBD9 /* EpisodeApiDataSource.swift in Sources */,
				CF0FDEE72B07D6AB00A512B1 /* Character.swift in Sources */,
				CFCED1FC2B07E57F00280416 /* CharacterDTO.swift in Sources */,
				CF67C1D22BD56B7000E5BBD9 /* GetEpisodeUseCase.swift in Sources */,
				CF67C1C42BD55EFF00E5BBD9 /* CharacterImageView.swift in Sources */,
				CF5BCA502B0A35EF005B2576 /* Endpoint.swift in Sources */,
				CFCED2052B07EE8D00280416 /* CharacterDomainMapper.swift in Sources */,
				CF5BCA582B0A36C1005B2576 /* URLSessionHTTPClient.swift in Sources */,
				CF0FDED92B07D21900A512B1 /* CharacterView.swift in Sources */,
				CF5BCA5F2B0A4362005B2576 /* CharacterListViewModel.swift in Sources */,
				CF67C1D02BD56B2100E5BBD9 /* Episode.swift in Sources */,
				CFB782A82BD536FF00B2E515 /* CharacterDetailViewModel.swift in Sources */,
				CF67C1C72BD5602D00E5BBD9 /* CharacterSectionSubview.swift in Sources */,
				CF0FDEEA2B07D8CA00A512B1 /* GetCharacterListUseCase.swift in Sources */,
				CFCED1F92B07DDCB00280416 /* CharacterRepository.swift in Sources */,
				CFA2D27D2BD4F3D600A5FA8B /* characterListJSON.swift in Sources */,
				CF5BCA4E2B0A31A8005B2576 /* CharacterListDTO.swift in Sources */,
				CFB782A02BD524B800B2E515 /* characterJSON.swift in Sources */,
				CF67C1CB2BD56A1400E5BBD9 /* EpisodeDTO.swift in Sources */,
				CF5BCA522B0A360B005B2576 /* HTTPMethod.swift in Sources */,
				CF0FDED72B07D21900A512B1 /* RickAndMortyApp.swift in Sources */,
				CF5BCA4C2B0A2DE4005B2576 /* CharacterApiDataSource.swift in Sources */,
				CFB782A62BD536F500B2E515 /* CharacterDetailView.swift in Sources */,
				CF67C1D42BD56BB000E5BBD9 /* EpisodeRepository.swift in Sources */,
				CF67C1D82BD56F0600E5BBD9 /* CharacterDetailFactory.swift in Sources */,
				CF5BCA542B0A3654005B2576 /* HTTPClientType.swift in Sources */,
				CF67C1DA2BD574FD00E5BBD9 /* CharacterDTO+.swift in Sources */,
				CFA2D27B2BD4ECCB00A5FA8B /* Character+.swift in Sources */,
				CFB782A22BD52A5A00B2E515 /* CharacterApiDataSourceMock.swift in Sources */,
				CF5BCA5C2B0A4074005B2576 /* URLSessionErrorResolver.swift in Sources */,
			);
			runOnlyForDeploymentPostprocessing = 0;
		};
/* End PBXSourcesBuildPhase section */

/* Begin XCBuildConfiguration section */
		CF0FDEDF2B07D21A00A512B1 /* Debug */ = {
			isa = XCBuildConfiguration;
			buildSettings = {
				ALWAYS_SEARCH_USER_PATHS = NO;
				CLANG_ANALYZER_NONNULL = YES;
				CLANG_ANALYZER_NUMBER_OBJECT_CONVERSION = YES_AGGRESSIVE;
				CLANG_CXX_LANGUAGE_STANDARD = "gnu++20";
				CLANG_ENABLE_MODULES = YES;
				CLANG_ENABLE_OBJC_ARC = YES;
				CLANG_ENABLE_OBJC_WEAK = YES;
				CLANG_WARN_BLOCK_CAPTURE_AUTORELEASING = YES;
				CLANG_WARN_BOOL_CONVERSION = YES;
				CLANG_WARN_COMMA = YES;
				CLANG_WARN_CONSTANT_CONVERSION = YES;
				CLANG_WARN_DEPRECATED_OBJC_IMPLEMENTATIONS = YES;
				CLANG_WARN_DIRECT_OBJC_ISA_USAGE = YES_ERROR;
				CLANG_WARN_DOCUMENTATION_COMMENTS = YES;
				CLANG_WARN_EMPTY_BODY = YES;
				CLANG_WARN_ENUM_CONVERSION = YES;
				CLANG_WARN_INFINITE_RECURSION = YES;
				CLANG_WARN_INT_CONVERSION = YES;
				CLANG_WARN_NON_LITERAL_NULL_CONVERSION = YES;
				CLANG_WARN_OBJC_IMPLICIT_RETAIN_SELF = YES;
				CLANG_WARN_OBJC_LITERAL_CONVERSION = YES;
				CLANG_WARN_OBJC_ROOT_CLASS = YES_ERROR;
				CLANG_WARN_QUOTED_INCLUDE_IN_FRAMEWORK_HEADER = YES;
				CLANG_WARN_RANGE_LOOP_ANALYSIS = YES;
				CLANG_WARN_STRICT_PROTOTYPES = YES;
				CLANG_WARN_SUSPICIOUS_MOVE = YES;
				CLANG_WARN_UNGUARDED_AVAILABILITY = YES_AGGRESSIVE;
				CLANG_WARN_UNREACHABLE_CODE = YES;
				CLANG_WARN__DUPLICATE_METHOD_MATCH = YES;
				COPY_PHASE_STRIP = NO;
				DEBUG_INFORMATION_FORMAT = dwarf;
				ENABLE_STRICT_OBJC_MSGSEND = YES;
				ENABLE_TESTABILITY = YES;
				ENABLE_USER_SCRIPT_SANDBOXING = YES;
				GCC_C_LANGUAGE_STANDARD = gnu11;
				GCC_DYNAMIC_NO_PIC = NO;
				GCC_NO_COMMON_BLOCKS = YES;
				GCC_OPTIMIZATION_LEVEL = 0;
				GCC_PREPROCESSOR_DEFINITIONS = (
					"DEBUG=1",
					"$(inherited)",
				);
				GCC_WARN_64_TO_32_BIT_CONVERSION = YES;
				GCC_WARN_ABOUT_RETURN_TYPE = YES_ERROR;
				GCC_WARN_UNDECLARED_SELECTOR = YES;
				GCC_WARN_UNINITIALIZED_AUTOS = YES_AGGRESSIVE;
				GCC_WARN_UNUSED_FUNCTION = YES;
				GCC_WARN_UNUSED_VARIABLE = YES;
				IPHONEOS_DEPLOYMENT_TARGET = 16.0;
				MTL_ENABLE_DEBUG_INFO = INCLUDE_SOURCE;
				MTL_FAST_MATH = YES;
				ONLY_ACTIVE_ARCH = YES;
				SDKROOT = iphoneos;
				SWIFT_ACTIVE_COMPILATION_CONDITIONS = DEBUG;
				SWIFT_OPTIMIZATION_LEVEL = "-Onone";
			};
			name = Debug;
		};
		CF0FDEE02B07D21A00A512B1 /* Release */ = {
			isa = XCBuildConfiguration;
			buildSettings = {
				ALWAYS_SEARCH_USER_PATHS = NO;
				CLANG_ANALYZER_NONNULL = YES;
				CLANG_ANALYZER_NUMBER_OBJECT_CONVERSION = YES_AGGRESSIVE;
				CLANG_CXX_LANGUAGE_STANDARD = "gnu++20";
				CLANG_ENABLE_MODULES = YES;
				CLANG_ENABLE_OBJC_ARC = YES;
				CLANG_ENABLE_OBJC_WEAK = YES;
				CLANG_WARN_BLOCK_CAPTURE_AUTORELEASING = YES;
				CLANG_WARN_BOOL_CONVERSION = YES;
				CLANG_WARN_COMMA = YES;
				CLANG_WARN_CONSTANT_CONVERSION = YES;
				CLANG_WARN_DEPRECATED_OBJC_IMPLEMENTATIONS = YES;
				CLANG_WARN_DIRECT_OBJC_ISA_USAGE = YES_ERROR;
				CLANG_WARN_DOCUMENTATION_COMMENTS = YES;
				CLANG_WARN_EMPTY_BODY = YES;
				CLANG_WARN_ENUM_CONVERSION = YES;
				CLANG_WARN_INFINITE_RECURSION = YES;
				CLANG_WARN_INT_CONVERSION = YES;
				CLANG_WARN_NON_LITERAL_NULL_CONVERSION = YES;
				CLANG_WARN_OBJC_IMPLICIT_RETAIN_SELF = YES;
				CLANG_WARN_OBJC_LITERAL_CONVERSION = YES;
				CLANG_WARN_OBJC_ROOT_CLASS = YES_ERROR;
				CLANG_WARN_QUOTED_INCLUDE_IN_FRAMEWORK_HEADER = YES;
				CLANG_WARN_RANGE_LOOP_ANALYSIS = YES;
				CLANG_WARN_STRICT_PROTOTYPES = YES;
				CLANG_WARN_SUSPICIOUS_MOVE = YES;
				CLANG_WARN_UNGUARDED_AVAILABILITY = YES_AGGRESSIVE;
				CLANG_WARN_UNREACHABLE_CODE = YES;
				CLANG_WARN__DUPLICATE_METHOD_MATCH = YES;
				COPY_PHASE_STRIP = NO;
				DEBUG_INFORMATION_FORMAT = "dwarf-with-dsym";
				ENABLE_NS_ASSERTIONS = NO;
				ENABLE_STRICT_OBJC_MSGSEND = YES;
				ENABLE_USER_SCRIPT_SANDBOXING = YES;
				GCC_C_LANGUAGE_STANDARD = gnu11;
				GCC_NO_COMMON_BLOCKS = YES;
				GCC_WARN_64_TO_32_BIT_CONVERSION = YES;
				GCC_WARN_ABOUT_RETURN_TYPE = YES_ERROR;
				GCC_WARN_UNDECLARED_SELECTOR = YES;
				GCC_WARN_UNINITIALIZED_AUTOS = YES_AGGRESSIVE;
				GCC_WARN_UNUSED_FUNCTION = YES;
				GCC_WARN_UNUSED_VARIABLE = YES;
				IPHONEOS_DEPLOYMENT_TARGET = 16.0;
				MTL_ENABLE_DEBUG_INFO = NO;
				MTL_FAST_MATH = YES;
				SDKROOT = iphoneos;
				SWIFT_COMPILATION_MODE = wholemodule;
				SWIFT_OPTIMIZATION_LEVEL = "-O";
				VALIDATE_PRODUCT = YES;
			};
			name = Release;
		};
		CF0FDEE22B07D21A00A512B1 /* Debug */ = {
			isa = XCBuildConfiguration;
			buildSettings = {
				ASSETCATALOG_COMPILER_APPICON_NAME = AppIcon;
				ASSETCATALOG_COMPILER_GLOBAL_ACCENT_COLOR_NAME = AccentColor;
				CODE_SIGN_STYLE = Automatic;
				CURRENT_PROJECT_VERSION = 1;
				DEVELOPMENT_ASSET_PATHS = "\"RickAndMorty/Preview Content\"";
				DEVELOPMENT_TEAM = 9L3PPN38N6;
				ENABLE_PREVIEWS = YES;
				GENERATE_INFOPLIST_FILE = YES;
				INFOPLIST_KEY_UIApplicationSceneManifest_Generation = YES;
				INFOPLIST_KEY_UIApplicationSupportsIndirectInputEvents = YES;
				INFOPLIST_KEY_UILaunchScreen_Generation = YES;
				INFOPLIST_KEY_UILaunchStoryboardName = LaunchScreen.storyboard;
				INFOPLIST_KEY_UISupportedInterfaceOrientations_iPad = "UIInterfaceOrientationPortrait UIInterfaceOrientationPortraitUpsideDown UIInterfaceOrientationLandscapeLeft UIInterfaceOrientationLandscapeRight";
				INFOPLIST_KEY_UISupportedInterfaceOrientations_iPhone = "UIInterfaceOrientationPortrait UIInterfaceOrientationLandscapeLeft UIInterfaceOrientationLandscapeRight";
				IPHONEOS_DEPLOYMENT_TARGET = 16.0;
				LD_RUNPATH_SEARCH_PATHS = (
					"$(inherited)",
					"@executable_path/Frameworks",
				);
				MARKETING_VERSION = 1.0;
				PRODUCT_BUNDLE_IDENTIFIER = com.jsp.RickAndMorty;
				PRODUCT_NAME = "$(TARGET_NAME)";
				SWIFT_EMIT_LOC_STRINGS = YES;
				SWIFT_VERSION = 5.0;
				TARGETED_DEVICE_FAMILY = "1,2";
			};
			name = Debug;
		};
		CF0FDEE32B07D21A00A512B1 /* Release */ = {
			isa = XCBuildConfiguration;
			buildSettings = {
				ASSETCATALOG_COMPILER_APPICON_NAME = AppIcon;
				ASSETCATALOG_COMPILER_GLOBAL_ACCENT_COLOR_NAME = AccentColor;
				CODE_SIGN_STYLE = Automatic;
				CURRENT_PROJECT_VERSION = 1;
				DEVELOPMENT_ASSET_PATHS = "\"RickAndMorty/Preview Content\"";
				DEVELOPMENT_TEAM = 9L3PPN38N6;
				ENABLE_PREVIEWS = YES;
				GENERATE_INFOPLIST_FILE = YES;
				INFOPLIST_KEY_UIApplicationSceneManifest_Generation = YES;
				INFOPLIST_KEY_UIApplicationSupportsIndirectInputEvents = YES;
				INFOPLIST_KEY_UILaunchScreen_Generation = YES;
				INFOPLIST_KEY_UILaunchStoryboardName = LaunchScreen.storyboard;
				INFOPLIST_KEY_UISupportedInterfaceOrientations_iPad = "UIInterfaceOrientationPortrait UIInterfaceOrientationPortraitUpsideDown UIInterfaceOrientationLandscapeLeft UIInterfaceOrientationLandscapeRight";
				INFOPLIST_KEY_UISupportedInterfaceOrientations_iPhone = "UIInterfaceOrientationPortrait UIInterfaceOrientationLandscapeLeft UIInterfaceOrientationLandscapeRight";
				IPHONEOS_DEPLOYMENT_TARGET = 16.0;
				LD_RUNPATH_SEARCH_PATHS = (
					"$(inherited)",
					"@executable_path/Frameworks",
				);
				MARKETING_VERSION = 1.0;
				PRODUCT_BUNDLE_IDENTIFIER = com.jsp.RickAndMorty;
				PRODUCT_NAME = "$(TARGET_NAME)";
				SWIFT_EMIT_LOC_STRINGS = YES;
				SWIFT_VERSION = 5.0;
				TARGETED_DEVICE_FAMILY = "1,2";
			};
			name = Release;
		};
/* End XCBuildConfiguration section */

/* Begin XCConfigurationList section */
		CF0FDECE2B07D21900A512B1 /* Build configuration list for PBXProject "RickAndMorty" */ = {
			isa = XCConfigurationList;
			buildConfigurations = (
				CF0FDEDF2B07D21A00A512B1 /* Debug */,
				CF0FDEE02B07D21A00A512B1 /* Release */,
			);
			defaultConfigurationIsVisible = 0;
			defaultConfigurationName = Release;
		};
		CF0FDEE12B07D21A00A512B1 /* Build configuration list for PBXNativeTarget "RickAndMorty" */ = {
			isa = XCConfigurationList;
			buildConfigurations = (
				CF0FDEE22B07D21A00A512B1 /* Debug */,
				CF0FDEE32B07D21A00A512B1 /* Release */,
			);
			defaultConfigurationIsVisible = 0;
			defaultConfigurationName = Release;
		};
/* End XCConfigurationList section */
	};
	rootObject = CF0FDECB2B07D21900A512B1 /* Project object */;
}
