// !$*UTF8*$!
{
	archiveVersion = 1;
	classes = {
	};
	objectVersion = 56;
	objects = {

/* Begin PBXBuildFile section */
		CF0FDED72B07D21900A512B1 /* RickAndMortyApp.swift in Sources */ = {isa = PBXBuildFile; fileRef = CF0FDED62B07D21900A512B1 /* RickAndMortyApp.swift */; };
		CF0FDED92B07D21900A512B1 /* ContentView.swift in Sources */ = {isa = PBXBuildFile; fileRef = CF0FDED82B07D21900A512B1 /* ContentView.swift */; };
		CF0FDEDB2B07D21A00A512B1 /* Assets.xcassets in Resources */ = {isa = PBXBuildFile; fileRef = CF0FDEDA2B07D21A00A512B1 /* Assets.xcassets */; };
		CF0FDEDE2B07D21A00A512B1 /* Preview Assets.xcassets in Resources */ = {isa = PBXBuildFile; fileRef = CF0FDEDD2B07D21A00A512B1 /* Preview Assets.xcassets */; };
		CF0FDEE72B07D6AB00A512B1 /* Character.swift in Sources */ = {isa = PBXBuildFile; fileRef = CF0FDEE62B07D6AB00A512B1 /* Character.swift */; };
		CF0FDEEA2B07D8CA00A512B1 /* GetCharacterList.swift in Sources */ = {isa = PBXBuildFile; fileRef = CF0FDEE92B07D8CA00A512B1 /* GetCharacterList.swift */; };
		CFCED1F32B07DC8D00280416 /* CharacterListRepositoryType.swift in Sources */ = {isa = PBXBuildFile; fileRef = CFCED1F22B07DC8D00280416 /* CharacterListRepositoryType.swift */; };
		CFCED1F52B07DCD000280416 /* CharacterDomainError.swift in Sources */ = {isa = PBXBuildFile; fileRef = CFCED1F42B07DCD000280416 /* CharacterDomainError.swift */; };
/* End PBXBuildFile section */

/* Begin PBXFileReference section */
		CF0FDED32B07D21900A512B1 /* RickAndMorty.app */ = {isa = PBXFileReference; explicitFileType = wrapper.application; includeInIndex = 0; path = RickAndMorty.app; sourceTree = BUILT_PRODUCTS_DIR; };
		CF0FDED62B07D21900A512B1 /* RickAndMortyApp.swift */ = {isa = PBXFileReference; lastKnownFileType = sourcecode.swift; path = RickAndMortyApp.swift; sourceTree = "<group>"; };
		CF0FDED82B07D21900A512B1 /* ContentView.swift */ = {isa = PBXFileReference; lastKnownFileType = sourcecode.swift; path = ContentView.swift; sourceTree = "<group>"; };
		CF0FDEDA2B07D21A00A512B1 /* Assets.xcassets */ = {isa = PBXFileReference; lastKnownFileType = folder.assetcatalog; path = Assets.xcassets; sourceTree = "<group>"; };
		CF0FDEDD2B07D21A00A512B1 /* Preview Assets.xcassets */ = {isa = PBXFileReference; lastKnownFileType = folder.assetcatalog; path = "Preview Assets.xcassets"; sourceTree = "<group>"; };
		CF0FDEE62B07D6AB00A512B1 /* Character.swift */ = {isa = PBXFileReference; lastKnownFileType = sourcecode.swift; path = Character.swift; sourceTree = "<group>"; };
		CF0FDEE92B07D8CA00A512B1 /* GetCharacterList.swift */ = {isa = PBXFileReference; lastKnownFileType = sourcecode.swift; path = GetCharacterList.swift; sourceTree = "<group>"; };
		CFCED1F22B07DC8D00280416 /* CharacterListRepositoryType.swift */ = {isa = PBXFileReference; lastKnownFileType = sourcecode.swift; path = CharacterListRepositoryType.swift; sourceTree = "<group>"; };
		CFCED1F42B07DCD000280416 /* CharacterDomainError.swift */ = {isa = PBXFileReference; lastKnownFileType = sourcecode.swift; path = CharacterDomainError.swift; sourceTree = "<group>"; };
/* End PBXFileReference section */

/* Begin PBXFrameworksBuildPhase section */
		CF0FDED02B07D21900A512B1 /* Frameworks */ = {
			isa = PBXFrameworksBuildPhase;
			buildActionMask = 2147483647;
			files = (
			);
			runOnlyForDeploymentPostprocessing = 0;
		};
/* End PBXFrameworksBuildPhase section */

/* Begin PBXGroup section */
		CF0FDECA2B07D21900A512B1 = {
			isa = PBXGroup;
			children = (
				CF0FDED52B07D21900A512B1 /* RickAndMorty */,
				CF0FDED42B07D21900A512B1 /* Products */,
			);
			sourceTree = "<group>";
		};
		CF0FDED42B07D21900A512B1 /* Products */ = {
			isa = PBXGroup;
			children = (
				CF0FDED32B07D21900A512B1 /* RickAndMorty.app */,
			);
			name = Products;
			sourceTree = "<group>";
		};
		CF0FDED52B07D21900A512B1 /* RickAndMorty */ = {
			isa = PBXGroup;
			children = (
				CF0FDEE42B07D2B000A512B1 /* Domain */,
				CF0FDED62B07D21900A512B1 /* RickAndMortyApp.swift */,
				CF0FDED82B07D21900A512B1 /* ContentView.swift */,
				CF0FDEDA2B07D21A00A512B1 /* Assets.xcassets */,
				CF0FDEDC2B07D21A00A512B1 /* Preview Content */,
			);
			path = RickAndMorty;
			sourceTree = "<group>";
		};
		CF0FDEDC2B07D21A00A512B1 /* Preview Content */ = {
			isa = PBXGroup;
			children = (
				CF0FDEDD2B07D21A00A512B1 /* Preview Assets.xcassets */,
			);
			path = "Preview Content";
			sourceTree = "<group>";
		};
		CF0FDEE42B07D2B000A512B1 /* Domain */ = {
			isa = PBXGroup;
			children = (
				CFCED1F12B07DC7900280416 /* Interfaces */,
				CF0FDEE82B07D89300A512B1 /* UseCases */,
				CF0FDEE52B07D64200A512B1 /* Entities */,
				CFCED1F42B07DCD000280416 /* CharacterDomainError.swift */,
			);
			path = Domain;
			sourceTree = "<group>";
		};
		CF0FDEE52B07D64200A512B1 /* Entities */ = {
			isa = PBXGroup;
			children = (
				CF0FDEE62B07D6AB00A512B1 /* Character.swift */,
			);
			path = Entities;
			sourceTree = "<group>";
		};
		CF0FDEE82B07D89300A512B1 /* UseCases */ = {
			isa = PBXGroup;
			children = (
				CF0FDEE92B07D8CA00A512B1 /* GetCharacterList.swift */,
			);
			path = UseCases;
			sourceTree = "<group>";
		};
		CFCED1F12B07DC7900280416 /* Interfaces */ = {
			isa = PBXGroup;
			children = (
				CFCED1F22B07DC8D00280416 /* CharacterListRepositoryType.swift */,
			);
			path = Interfaces;
			sourceTree = "<group>";
		};
/* End PBXGroup section */

/* Begin PBXNativeTarget section */
		CF0FDED22B07D21900A512B1 /* RickAndMorty */ = {
			isa = PBXNativeTarget;
			buildConfigurationList = CF0FDEE12B07D21A00A512B1 /* Build configuration list for PBXNativeTarget "RickAndMorty" */;
			buildPhases = (
				CF0FDECF2B07D21900A512B1 /* Sources */,
				CF0FDED02B07D21900A512B1 /* Frameworks */,
				CF0FDED12B07D21900A512B1 /* Resources */,
			);
			buildRules = (
			);
			dependencies = (
			);
			name = RickAndMorty;
			productName = RickAndMorty;
			productReference = CF0FDED32B07D21900A512B1 /* RickAndMorty.app */;
			productType = "com.apple.product-type.application";
		};
/* End PBXNativeTarget section */

/* Begin PBXProject section */
		CF0FDECB2B07D21900A512B1 /* Project object */ = {
			isa = PBXProject;
			attributes = {
				BuildIndependentTargetsInParallel = 1;
				LastSwiftUpdateCheck = 1430;
				LastUpgradeCheck = 1430;
				TargetAttributes = {
					CF0FDED22B07D21900A512B1 = {
						CreatedOnToolsVersion = 14.3;
					};
				};
			};
			buildConfigurationList = CF0FDECE2B07D21900A512B1 /* Build configuration list for PBXProject "RickAndMorty" */;
			compatibilityVersion = "Xcode 14.0";
			developmentRegion = en;
			hasScannedForEncodings = 0;
			knownRegions = (
				en,
				Base,
			);
			mainGroup = CF0FDECA2B07D21900A512B1;
			productRefGroup = CF0FDED42B07D21900A512B1 /* Products */;
			projectDirPath = "";
			projectRoot = "";
			targets = (
				CF0FDED22B07D21900A512B1 /* RickAndMorty */,
			);
		};
/* End PBXProject section */

/* Begin PBXResourcesBuildPhase section */
		CF0FDED12B07D21900A512B1 /* Resources */ = {
			isa = PBXResourcesBuildPhase;
			buildActionMask = 2147483647;
			files = (
				CF0FDEDE2B07D21A00A512B1 /* Preview Assets.xcassets in Resources */,
				CF0FDEDB2B07D21A00A512B1 /* Assets.xcassets in Resources */,
			);
			runOnlyForDeploymentPostprocessing = 0;
		};
/* End PBXResourcesBuildPhase section */

/* Begin PBXSourcesBuildPhase section */
		CF0FDECF2B07D21900A512B1 /* Sources */ = {
			isa = PBXSourcesBuildPhase;
			buildActionMask = 2147483647;
			files = (
				CF0FDEE72B07D6AB00A512B1 /* Character.swift in Sources */,
				CF0FDED92B07D21900A512B1 /* ContentView.swift in Sources */,
				CFCED1F52B07DCD000280416 /* CharacterDomainError.swift in Sources */,
				CF0FDEEA2B07D8CA00A512B1 /* GetCharacterList.swift in Sources */,
				CFCED1F32B07DC8D00280416 /* CharacterListRepositoryType.swift in Sources */,
				CF0FDED72B07D21900A512B1 /* RickAndMortyApp.swift in Sources */,
			);
			runOnlyForDeploymentPostprocessing = 0;
		};
/* End PBXSourcesBuildPhase section */

/* Begin XCBuildConfiguration section */
		CF0FDEDF2B07D21A00A512B1 /* Debug */ = {
			isa = XCBuildConfiguration;
			buildSettings = {
				ALWAYS_SEARCH_USER_PATHS = NO;
				CLANG_ANALYZER_NONNULL = YES;
				CLANG_ANALYZER_NUMBER_OBJECT_CONVERSION = YES_AGGRESSIVE;
				CLANG_CXX_LANGUAGE_STANDARD = "gnu++20";
				CLANG_ENABLE_MODULES = YES;
				CLANG_ENABLE_OBJC_ARC = YES;
				CLANG_ENABLE_OBJC_WEAK = YES;
				CLANG_WARN_BLOCK_CAPTURE_AUTORELEASING = YES;
				CLANG_WARN_BOOL_CONVERSION = YES;
				CLANG_WARN_COMMA = YES;
				CLANG_WARN_CONSTANT_CONVERSION = YES;
				CLANG_WARN_DEPRECATED_OBJC_IMPLEMENTATIONS = YES;
				CLANG_WARN_DIRECT_OBJC_ISA_USAGE = YES_ERROR;
				CLANG_WARN_DOCUMENTATION_COMMENTS = YES;
				CLANG_WARN_EMPTY_BODY = YES;
				CLANG_WARN_ENUM_CONVERSION = YES;
				CLANG_WARN_INFINITE_RECURSION = YES;
				CLANG_WARN_INT_CONVERSION = YES;
				CLANG_WARN_NON_LITERAL_NULL_CONVERSION = YES;
				CLANG_WARN_OBJC_IMPLICIT_RETAIN_SELF = YES;
				CLANG_WARN_OBJC_LITERAL_CONVERSION = YES;
				CLANG_WARN_OBJC_ROOT_CLASS = YES_ERROR;
				CLANG_WARN_QUOTED_INCLUDE_IN_FRAMEWORK_HEADER = YES;
				CLANG_WARN_RANGE_LOOP_ANALYSIS = YES;
				CLANG_WARN_STRICT_PROTOTYPES = YES;
				CLANG_WARN_SUSPICIOUS_MOVE = YES;
				CLANG_WARN_UNGUARDED_AVAILABILITY = YES_AGGRESSIVE;
				CLANG_WARN_UNREACHABLE_CODE = YES;
				CLANG_WARN__DUPLICATE_METHOD_MATCH = YES;
				COPY_PHASE_STRIP = NO;
				DEBUG_INFORMATION_FORMAT = dwarf;
				ENABLE_STRICT_OBJC_MSGSEND = YES;
				ENABLE_TESTABILITY = YES;
				GCC_C_LANGUAGE_STANDARD = gnu11;
				GCC_DYNAMIC_NO_PIC = NO;
				GCC_NO_COMMON_BLOCKS = YES;
				GCC_OPTIMIZATION_LEVEL = 0;
				GCC_PREPROCESSOR_DEFINITIONS = (
					"DEBUG=1",
					"$(inherited)",
				);
				GCC_WARN_64_TO_32_BIT_CONVERSION = YES;
				GCC_WARN_ABOUT_RETURN_TYPE = YES_ERROR;
				GCC_WARN_UNDECLARED_SELECTOR = YES;
				GCC_WARN_UNINITIALIZED_AUTOS = YES_AGGRESSIVE;
				GCC_WARN_UNUSED_FUNCTION = YES;
				GCC_WARN_UNUSED_VARIABLE = YES;
				IPHONEOS_DEPLOYMENT_TARGET = 16.4;
				MTL_ENABLE_DEBUG_INFO = INCLUDE_SOURCE;
				MTL_FAST_MATH = YES;
				ONLY_ACTIVE_ARCH = YES;
				SDKROOT = iphoneos;
				SWIFT_ACTIVE_COMPILATION_CONDITIONS = DEBUG;
				SWIFT_OPTIMIZATION_LEVEL = "-Onone";
			};
			name = Debug;
		};
		CF0FDEE02B07D21A00A512B1 /* Release */ = {
			isa = XCBuildConfiguration;
			buildSettings = {
				ALWAYS_SEARCH_USER_PATHS = NO;
				CLANG_ANALYZER_NONNULL = YES;
				CLANG_ANALYZER_NUMBER_OBJECT_CONVERSION = YES_AGGRESSIVE;
				CLANG_CXX_LANGUAGE_STANDARD = "gnu++20";
				CLANG_ENABLE_MODULES = YES;
				CLANG_ENABLE_OBJC_ARC = YES;
				CLANG_ENABLE_OBJC_WEAK = YES;
				CLANG_WARN_BLOCK_CAPTURE_AUTORELEASING = YES;
				CLANG_WARN_BOOL_CONVERSION = YES;
				CLANG_WARN_COMMA = YES;
				CLANG_WARN_CONSTANT_CONVERSION = YES;
				CLANG_WARN_DEPRECATED_OBJC_IMPLEMENTATIONS = YES;
				CLANG_WARN_DIRECT_OBJC_ISA_USAGE = YES_ERROR;
				CLANG_WARN_DOCUMENTATION_COMMENTS = YES;
				CLANG_WARN_EMPTY_BODY = YES;
				CLANG_WARN_ENUM_CONVERSION = YES;
				CLANG_WARN_INFINITE_RECURSION = YES;
				CLANG_WARN_INT_CONVERSION = YES;
				CLANG_WARN_NON_LITERAL_NULL_CONVERSION = YES;
				CLANG_WARN_OBJC_IMPLICIT_RETAIN_SELF = YES;
				CLANG_WARN_OBJC_LITERAL_CONVERSION = YES;
				CLANG_WARN_OBJC_ROOT_CLASS = YES_ERROR;
				CLANG_WARN_QUOTED_INCLUDE_IN_FRAMEWORK_HEADER = YES;
				CLANG_WARN_RANGE_LOOP_ANALYSIS = YES;
				CLANG_WARN_STRICT_PROTOTYPES = YES;
				CLANG_WARN_SUSPICIOUS_MOVE = YES;
				CLANG_WARN_UNGUARDED_AVAILABILITY = YES_AGGRESSIVE;
				CLANG_WARN_UNREACHABLE_CODE = YES;
				CLANG_WARN__DUPLICATE_METHOD_MATCH = YES;
				COPY_PHASE_STRIP = NO;
				DEBUG_INFORMATION_FORMAT = "dwarf-with-dsym";
				ENABLE_NS_ASSERTIONS = NO;
				ENABLE_STRICT_OBJC_MSGSEND = YES;
				GCC_C_LANGUAGE_STANDARD = gnu11;
				GCC_NO_COMMON_BLOCKS = YES;
				GCC_WARN_64_TO_32_BIT_CONVERSION = YES;
				GCC_WARN_ABOUT_RETURN_TYPE = YES_ERROR;
				GCC_WARN_UNDECLARED_SELECTOR = YES;
				GCC_WARN_UNINITIALIZED_AUTOS = YES_AGGRESSIVE;
				GCC_WARN_UNUSED_FUNCTION = YES;
				GCC_WARN_UNUSED_VARIABLE = YES;
				IPHONEOS_DEPLOYMENT_TARGET = 16.4;
				MTL_ENABLE_DEBUG_INFO = NO;
				MTL_FAST_MATH = YES;
				SDKROOT = iphoneos;
				SWIFT_COMPILATION_MODE = wholemodule;
				SWIFT_OPTIMIZATION_LEVEL = "-O";
				VALIDATE_PRODUCT = YES;
			};
			name = Release;
		};
		CF0FDEE22B07D21A00A512B1 /* Debug */ = {
			isa = XCBuildConfiguration;
			buildSettings = {
				ASSETCATALOG_COMPILER_APPICON_NAME = AppIcon;
				ASSETCATALOG_COMPILER_GLOBAL_ACCENT_COLOR_NAME = AccentColor;
				CODE_SIGN_STYLE = Automatic;
				CURRENT_PROJECT_VERSION = 1;
				DEVELOPMENT_ASSET_PATHS = "\"RickAndMorty/Preview Content\"";
				DEVELOPMENT_TEAM = 9L3PPN38N6;
				ENABLE_PREVIEWS = YES;
				GENERATE_INFOPLIST_FILE = YES;
				INFOPLIST_KEY_UIApplicationSceneManifest_Generation = YES;
				INFOPLIST_KEY_UIApplicationSupportsIndirectInputEvents = YES;
				INFOPLIST_KEY_UILaunchScreen_Generation = YES;
				INFOPLIST_KEY_UISupportedInterfaceOrientations_iPad = "UIInterfaceOrientationPortrait UIInterfaceOrientationPortraitUpsideDown UIInterfaceOrientationLandscapeLeft UIInterfaceOrientationLandscapeRight";
				INFOPLIST_KEY_UISupportedInterfaceOrientations_iPhone = "UIInterfaceOrientationPortrait UIInterfaceOrientationLandscapeLeft UIInterfaceOrientationLandscapeRight";
				LD_RUNPATH_SEARCH_PATHS = (
					"$(inherited)",
					"@executable_path/Frameworks",
				);
				MARKETING_VERSION = 1.0;
				PRODUCT_BUNDLE_IDENTIFIER = com.jsp.RickAndMorty;
				PRODUCT_NAME = "$(TARGET_NAME)";
				SWIFT_EMIT_LOC_STRINGS = YES;
				SWIFT_VERSION = 5.0;
				TARGETED_DEVICE_FAMILY = "1,2";
			};
			name = Debug;
		};
		CF0FDEE32B07D21A00A512B1 /* Release */ = {
			isa = XCBuildConfiguration;
			buildSettings = {
				ASSETCATALOG_COMPILER_APPICON_NAME = AppIcon;
				ASSETCATALOG_COMPILER_GLOBAL_ACCENT_COLOR_NAME = AccentColor;
				CODE_SIGN_STYLE = Automatic;
				CURRENT_PROJECT_VERSION = 1;
				DEVELOPMENT_ASSET_PATHS = "\"RickAndMorty/Preview Content\"";
				DEVELOPMENT_TEAM = 9L3PPN38N6;
				ENABLE_PREVIEWS = YES;
				GENERATE_INFOPLIST_FILE = YES;
				INFOPLIST_KEY_UIApplicationSceneManifest_Generation = YES;
				INFOPLIST_KEY_UIApplicationSupportsIndirectInputEvents = YES;
				INFOPLIST_KEY_UILaunchScreen_Generation = YES;
				INFOPLIST_KEY_UISupportedInterfaceOrientations_iPad = "UIInterfaceOrientationPortrait UIInterfaceOrientationPortraitUpsideDown UIInterfaceOrientationLandscapeLeft UIInterfaceOrientationLandscapeRight";
				INFOPLIST_KEY_UISupportedInterfaceOrientations_iPhone = "UIInterfaceOrientationPortrait UIInterfaceOrientationLandscapeLeft UIInterfaceOrientationLandscapeRight";
				LD_RUNPATH_SEARCH_PATHS = (
					"$(inherited)",
					"@executable_path/Frameworks",
				);
				MARKETING_VERSION = 1.0;
				PRODUCT_BUNDLE_IDENTIFIER = com.jsp.RickAndMorty;
				PRODUCT_NAME = "$(TARGET_NAME)";
				SWIFT_EMIT_LOC_STRINGS = YES;
				SWIFT_VERSION = 5.0;
				TARGETED_DEVICE_FAMILY = "1,2";
			};
			name = Release;
		};
/* End XCBuildConfiguration section */

/* Begin XCConfigurationList section */
		CF0FDECE2B07D21900A512B1 /* Build configuration list for PBXProject "RickAndMorty" */ = {
			isa = XCConfigurationList;
			buildConfigurations = (
				CF0FDEDF2B07D21A00A512B1 /* Debug */,
				CF0FDEE02B07D21A00A512B1 /* Release */,
			);
			defaultConfigurationIsVisible = 0;
			defaultConfigurationName = Release;
		};
		CF0FDEE12B07D21A00A512B1 /* Build configuration list for PBXNativeTarget "RickAndMorty" */ = {
			isa = XCConfigurationList;
			buildConfigurations = (
				CF0FDEE22B07D21A00A512B1 /* Debug */,
				CF0FDEE32B07D21A00A512B1 /* Release */,
			);
			defaultConfigurationIsVisible = 0;
			defaultConfigurationName = Release;
		};
/* End XCConfigurationList section */
	};
	rootObject = CF0FDECB2B07D21900A512B1 /* Project object */;
}
